// !$*UTF8*$!
{
	archiveVersion = 1;
	classes = {
	};
	objectVersion = 50;
	objects = {

/* Begin PBXBuildFile section */
		41DB700D24A7B77300E36FC7 /* AppDelegate.m in Sources */ = {isa = PBXBuildFile; fileRef = 41DB700C24A7B77300E36FC7 /* AppDelegate.m */; };
		41DB701024A7B77300E36FC7 /* ViewController.m in Sources */ = {isa = PBXBuildFile; fileRef = 41DB700F24A7B77300E36FC7 /* ViewController.m */; };
		41DB701224A7B77400E36FC7 /* Assets.xcassets in Resources */ = {isa = PBXBuildFile; fileRef = 41DB701124A7B77400E36FC7 /* Assets.xcassets */; };
		41DB701524A7B77400E36FC7 /* Main.storyboard in Resources */ = {isa = PBXBuildFile; fileRef = 41DB701324A7B77400E36FC7 /* Main.storyboard */; };
		41DB701824A7B77400E36FC7 /* main.m in Sources */ = {isa = PBXBuildFile; fileRef = 41DB701724A7B77400E36FC7 /* main.m */; };
/* End PBXBuildFile section */

/* Begin PBXFileReference section */
		41DB700824A7B77300E36FC7 /* MyHouseMyRule.app */ = {isa = PBXFileReference; explicitFileType = wrapper.application; includeInIndex = 0; path = MyHouseMyRule.app; sourceTree = BUILT_PRODUCTS_DIR; };
		41DB700B24A7B77300E36FC7 /* AppDelegate.h */ = {isa = PBXFileReference; lastKnownFileType = sourcecode.c.h; path = AppDelegate.h; sourceTree = "<group>"; };
		41DB700C24A7B77300E36FC7 /* AppDelegate.m */ = {isa = PBXFileReference; lastKnownFileType = sourcecode.c.objc; path = AppDelegate.m; sourceTree = "<group>"; };
		41DB700E24A7B77300E36FC7 /* ViewController.h */ = {isa = PBXFileReference; lastKnownFileType = sourcecode.c.h; path = ViewController.h; sourceTree = "<group>"; };
		41DB700F24A7B77300E36FC7 /* ViewController.m */ = {isa = PBXFileReference; lastKnownFileType = sourcecode.c.objc; path = ViewController.m; sourceTree = "<group>"; };
		41DB701124A7B77400E36FC7 /* Assets.xcassets */ = {isa = PBXFileReference; lastKnownFileType = folder.assetcatalog; path = Assets.xcassets; sourceTree = "<group>"; };
		41DB701424A7B77400E36FC7 /* Base */ = {isa = PBXFileReference; lastKnownFileType = file.storyboard; name = Base; path = Base.lproj/Main.storyboard; sourceTree = "<group>"; };
		41DB701624A7B77400E36FC7 /* Info.plist */ = {isa = PBXFileReference; lastKnownFileType = text.plist.xml; path = Info.plist; sourceTree = "<group>"; };
		41DB701724A7B77400E36FC7 /* main.m */ = {isa = PBXFileReference; lastKnownFileType = sourcecode.c.objc; path = main.m; sourceTree = "<group>"; };
		41DB701924A7B77400E36FC7 /* MyHouseMyRule.entitlements */ = {isa = PBXFileReference; lastKnownFileType = text.plist.entitlements; path = MyHouseMyRule.entitlements; sourceTree = "<group>"; };
/* End PBXFileReference section */

/* Begin PBXFrameworksBuildPhase section */
		41DB700524A7B77300E36FC7 /* Frameworks */ = {
			isa = PBXFrameworksBuildPhase;
			buildActionMask = 2147483647;
			files = (
			);
			runOnlyForDeploymentPostprocessing = 0;
		};
/* End PBXFrameworksBuildPhase section */

/* Begin PBXGroup section */
		41DB6FFF24A7B77300E36FC7 = {
			isa = PBXGroup;
			children = (
				41DB700A24A7B77300E36FC7 /* MyHouseMyRule */,
				41DB700924A7B77300E36FC7 /* Products */,
			);
			sourceTree = "<group>";
		};
		41DB700924A7B77300E36FC7 /* Products */ = {
			isa = PBXGroup;
			children = (
				41DB700824A7B77300E36FC7 /* MyHouseMyRule.app */,
			);
			name = Products;
			sourceTree = "<group>";
		};
		41DB700A24A7B77300E36FC7 /* MyHouseMyRule */ = {
			isa = PBXGroup;
			children = (
				41DB700B24A7B77300E36FC7 /* AppDelegate.h */,
				41DB700C24A7B77300E36FC7 /* AppDelegate.m */,
				41DB700E24A7B77300E36FC7 /* ViewController.h */,
				41DB700F24A7B77300E36FC7 /* ViewController.m */,
				41DB701124A7B77400E36FC7 /* Assets.xcassets */,
				41DB701324A7B77400E36FC7 /* Main.storyboard */,
				41DB701624A7B77400E36FC7 /* Info.plist */,
				41DB701724A7B77400E36FC7 /* main.m */,
				41DB701924A7B77400E36FC7 /* MyHouseMyRule.entitlements */,
			);
			path = MyHouseMyRule;
			sourceTree = "<group>";
		};
/* End PBXGroup section */

/* Begin PBXNativeTarget section */
		41DB700724A7B77300E36FC7 /* MyHouseMyRule */ = {
			isa = PBXNativeTarget;
			buildConfigurationList = 41DB701C24A7B77400E36FC7 /* Build configuration list for PBXNativeTarget "MyHouseMyRule" */;
			buildPhases = (
				41DB700424A7B77300E36FC7 /* Sources */,
				41DB700524A7B77300E36FC7 /* Frameworks */,
				41DB700624A7B77300E36FC7 /* Resources */,
			);
			buildRules = (
			);
			dependencies = (
			);
			name = MyHouseMyRule;
			productName = MyHouseMyRule;
			productReference = 41DB700824A7B77300E36FC7 /* MyHouseMyRule.app */;
			productType = "com.apple.product-type.application";
		};
/* End PBXNativeTarget section */

/* Begin PBXProject section */
		41DB700024A7B77300E36FC7 /* Project object */ = {
			isa = PBXProject;
			attributes = {
				LastUpgradeCheck = 1140;
				ORGANIZATIONNAME = leave;
				TargetAttributes = {
					41DB700724A7B77300E36FC7 = {
						CreatedOnToolsVersion = 11.4;
					};
				};
			};
			buildConfigurationList = 41DB700324A7B77300E36FC7 /* Build configuration list for PBXProject "MyHouseMyRule" */;
			compatibilityVersion = "Xcode 9.3";
			developmentRegion = en;
			hasScannedForEncodings = 0;
			knownRegions = (
				en,
				Base,
			);
			mainGroup = 41DB6FFF24A7B77300E36FC7;
			productRefGroup = 41DB700924A7B77300E36FC7 /* Products */;
			projectDirPath = "";
			projectRoot = "";
			targets = (
				41DB700724A7B77300E36FC7 /* MyHouseMyRule */,
			);
		};
/* End PBXProject section */

/* Begin PBXResourcesBuildPhase section */
		41DB700624A7B77300E36FC7 /* Resources */ = {
			isa = PBXResourcesBuildPhase;
			buildActionMask = 2147483647;
			files = (
				41DB701224A7B77400E36FC7 /* Assets.xcassets in Resources */,
				41DB701524A7B77400E36FC7 /* Main.storyboard in Resources */,
			);
			runOnlyForDeploymentPostprocessing = 0;
		};
/* End PBXResourcesBuildPhase section */

/* Begin PBXSourcesBuildPhase section */
		41DB700424A7B77300E36FC7 /* Sources */ = {
			isa = PBXSourcesBuildPhase;
			buildActionMask = 2147483647;
			files = (
				41DB701024A7B77300E36FC7 /* ViewController.m in Sources */,
				41DB701824A7B77400E36FC7 /* main.m in Sources */,
				41DB700D24A7B77300E36FC7 /* AppDelegate.m in Sources */,
			);
			runOnlyForDeploymentPostprocessing = 0;
		};
/* End PBXSourcesBuildPhase section */

/* Begin PBXVariantGroup section */
		41DB701324A7B77400E36FC7 /* Main.storyboard */ = {
			isa = PBXVariantGroup;
			children = (
				41DB701424A7B77400E36FC7 /* Base */,
			);
			name = Main.storyboard;
			sourceTree = "<group>";
		};
/* End PBXVariantGroup section */

/* Begin XCBuildConfiguration section */
		41DB701A24A7B77400E36FC7 /* Debug */ = {
			isa = XCBuildConfiguration;
			buildSettings = {
				ALWAYS_SEARCH_USER_PATHS = NO;
				CLANG_ANALYZER_NONNULL = YES;
				CLANG_ANALYZER_NUMBER_OBJECT_CONVERSION = YES_AGGRESSIVE;
				CLANG_CXX_LANGUAGE_STANDARD = "gnu++14";
				CLANG_CXX_LIBRARY = "libc++";
				CLANG_ENABLE_MODULES = YES;
				CLANG_ENABLE_OBJC_ARC = YES;
				CLANG_ENABLE_OBJC_WEAK = YES;
				CLANG_WARN_BLOCK_CAPTURE_AUTORELEASING = YES;
				CLANG_WARN_BOOL_CONVERSION = YES;
				CLANG_WARN_COMMA = YES;
				CLANG_WARN_CONSTANT_CONVERSION = YES;
				CLANG_WARN_DEPRECATED_OBJC_IMPLEMENTATIONS = YES;
				CLANG_WARN_DIRECT_OBJC_ISA_USAGE = YES_ERROR;
				CLANG_WARN_DOCUMENTATION_COMMENTS = YES;
				CLANG_WARN_EMPTY_BODY = YES;
				CLANG_WARN_ENUM_CONVERSION = YES;
				CLANG_WARN_INFINITE_RECURSION = YES;
				CLANG_WARN_INT_CONVERSION = YES;
				CLANG_WARN_NON_LITERAL_NULL_CONVERSION = YES;
				CLANG_WARN_OBJC_IMPLICIT_RETAIN_SELF = YES;
				CLANG_WARN_OBJC_LITERAL_CONVERSION = YES;
				CLANG_WARN_OBJC_ROOT_CLASS = YES_ERROR;
				CLANG_WARN_RANGE_LOOP_ANALYSIS = YES;
				CLANG_WARN_STRICT_PROTOTYPES = YES;
				CLANG_WARN_SUSPICIOUS_MOVE = YES;
				CLANG_WARN_UNGUARDED_AVAILABILITY = YES_AGGRESSIVE;
				CLANG_WARN_UNREACHABLE_CODE = YES;
				CLANG_WARN__DUPLICATE_METHOD_MATCH = YES;
				COPY_PHASE_STRIP = NO;
				DEBUG_INFORMATION_FORMAT = dwarf;
				ENABLE_STRICT_OBJC_MSGSEND = YES;
				ENABLE_TESTABILITY = YES;
				GCC_C_LANGUAGE_STANDARD = gnu11;
				GCC_DYNAMIC_NO_PIC = NO;
				GCC_NO_COMMON_BLOCKS = YES;
				GCC_OPTIMIZATION_LEVEL = 0;
				GCC_PREPROCESSOR_DEFINITIONS = (
					"DEBUG=1",
					"$(inherited)",
				);
				GCC_WARN_64_TO_32_BIT_CONVERSION = YES;
				GCC_WARN_ABOUT_RETURN_TYPE = YES_ERROR;
				GCC_WARN_UNDECLARED_SELECTOR = YES;
				GCC_WARN_UNINITIALIZED_AUTOS = YES_AGGRESSIVE;
				GCC_WARN_UNUSED_FUNCTION = YES;
				GCC_WARN_UNUSED_VARIABLE = YES;
				MACOSX_DEPLOYMENT_TARGET = 10.15;
				MTL_ENABLE_DEBUG_INFO = INCLUDE_SOURCE;
				MTL_FAST_MATH = YES;
				ONLY_ACTIVE_ARCH = YES;
				SDKROOT = macosx;
			};
			name = Debug;
		};
		41DB701B24A7B77400E36FC7 /* Release */ = {
			isa = XCBuildConfiguration;
			buildSettings = {
				ALWAYS_SEARCH_USER_PATHS = NO;
				CLANG_ANALYZER_NONNULL = YES;
				CLANG_ANALYZER_NUMBER_OBJECT_CONVERSION = YES_AGGRESSIVE;
				CLANG_CXX_LANGUAGE_STANDARD = "gnu++14";
				CLANG_CXX_LIBRARY = "libc++";
				CLANG_ENABLE_MODULES = YES;
				CLANG_ENABLE_OBJC_ARC = YES;
				CLANG_ENABLE_OBJC_WEAK = YES;
				CLANG_WARN_BLOCK_CAPTURE_AUTORELEASING = YES;
				CLANG_WARN_BOOL_CONVERSION = YES;
				CLANG_WARN_COMMA = YES;
				CLANG_WARN_CONSTANT_CONVERSION = YES;
				CLANG_WARN_DEPRECATED_OBJC_IMPLEMENTATIONS = YES;
				CLANG_WARN_DIRECT_OBJC_ISA_USAGE = YES_ERROR;
				CLANG_WARN_DOCUMENTATION_COMMENTS = YES;
				CLANG_WARN_EMPTY_BODY = YES;
				CLANG_WARN_ENUM_CONVERSION = YES;
				CLANG_WARN_INFINITE_RECURSION = YES;
				CLANG_WARN_INT_CONVERSION = YES;
				CLANG_WARN_NON_LITERAL_NULL_CONVERSION = YES;
				CLANG_WARN_OBJC_IMPLICIT_RETAIN_SELF = YES;
				CLANG_WARN_OBJC_LITERAL_CONVERSION = YES;
				CLANG_WARN_OBJC_ROOT_CLASS = YES_ERROR;
				CLANG_WARN_RANGE_LOOP_ANALYSIS = YES;
				CLANG_WARN_STRICT_PROTOTYPES = YES;
				CLANG_WARN_SUSPICIOUS_MOVE = YES;
				CLANG_WARN_UNGUARDED_AVAILABILITY = YES_AGGRESSIVE;
				CLANG_WARN_UNREACHABLE_CODE = YES;
				CLANG_WARN__DUPLICATE_METHOD_MATCH = YES;
				COPY_PHASE_STRIP = NO;
				DEBUG_INFORMATION_FORMAT = "dwarf-with-dsym";
				ENABLE_NS_ASSERTIONS = NO;
				ENABLE_STRICT_OBJC_MSGSEND = YES;
				GCC_C_LANGUAGE_STANDARD = gnu11;
				GCC_NO_COMMON_BLOCKS = YES;
				GCC_WARN_64_TO_32_BIT_CONVERSION = YES;
				GCC_WARN_ABOUT_RETURN_TYPE = YES_ERROR;
				GCC_WARN_UNDECLARED_SELECTOR = YES;
				GCC_WARN_UNINITIALIZED_AUTOS = YES_AGGRESSIVE;
				GCC_WARN_UNUSED_FUNCTION = YES;
				GCC_WARN_UNUSED_VARIABLE = YES;
				MACOSX_DEPLOYMENT_TARGET = 10.15;
				MTL_ENABLE_DEBUG_INFO = NO;
				MTL_FAST_MATH = YES;
				SDKROOT = macosx;
			};
			name = Release;
		};
		41DB701D24A7B77400E36FC7 /* Debug */ = {
			isa = XCBuildConfiguration;
			buildSettings = {
				ASSETCATALOG_COMPILER_APPICON_NAME = AppIcon;
				CODE_SIGN_ENTITLEMENTS = MyHouseMyRule/MyHouseMyRule.entitlements;
				CODE_SIGN_STYLE = Automatic;
				COMBINE_HIDPI_IMAGES = YES;
				DEVELOPMENT_TEAM = 985Z6TU25D;
				ENABLE_HARDENED_RUNTIME = YES;
				INFOPLIST_FILE = MyHouseMyRule/Info.plist;
				LD_RUNPATH_SEARCH_PATHS = (
					"$(inherited)",
					"@executable_path/../Frameworks",
				);
				PRODUCT_BUNDLE_IDENTIFIER = me.leavez.MyHouseMyRule;
				PRODUCT_NAME = "$(TARGET_NAME)";
			};
			name = Debug;
		};
		41DB701E24A7B77400E36FC7 /* Release */ = {
			isa = XCBuildConfiguration;
			buildSettings = {
				ASSETCATALOG_COMPILER_APPICON_NAME = AppIcon;
				CODE_SIGN_ENTITLEMENTS = MyHouseMyRule/MyHouseMyRule.entitlements;
				CODE_SIGN_STYLE = Automatic;
				COMBINE_HIDPI_IMAGES = YES;
				DEVELOPMENT_TEAM = 985Z6TU25D;
				ENABLE_HARDENED_RUNTIME = YES;
				INFOPLIST_FILE = MyHouseMyRule/Info.plist;
				LD_RUNPATH_SEARCH_PATHS = (
					"$(inherited)",
					"@executable_path/../Frameworks",
				);
				PRODUCT_BUNDLE_IDENTIFIER = me.leavez.MyHouseMyRule;
				PRODUCT_NAME = "$(TARGET_NAME)";
			};
			name = Release;
		};
/* End XCBuildConfiguration section */

/* Begin XCConfigurationList section */
		41DB700324A7B77300E36FC7 /* Build configuration list for PBXProject "MyHouseMyRule" */ = {
			isa = XCConfigurationList;
			buildConfigurations = (
				41DB701A24A7B77400E36FC7 /* Debug */,
				41DB701B24A7B77400E36FC7 /* Release */,
			);
			defaultConfigurationIsVisible = 0;
			defaultConfigurationName = Release;
		};
		41DB701C24A7B77400E36FC7 /* Build configuration list for PBXNativeTarget "MyHouseMyRule" */ = {
			isa = XCConfigurationList;
			buildConfigurations = (
				41DB701D24A7B77400E36FC7 /* Debug */,
				41DB701E24A7B77400E36FC7 /* Release */,
			);
			defaultConfigurationIsVisible = 0;
			defaultConfigurationName = Release;
		};
/* End XCConfigurationList section */
	};
	rootObject = 41DB700024A7B77300E36FC7 /* Project object */;
}
